
Microsoft Visual Studio Solution File, Format Version 12.00
# Visual Studio Version 16
VisualStudioVersion = 16.0.30804.86
MinimumVisualStudioVersion = 10.0.40219.1
Project("{FAE04EC0-301F-11D3-BF4B-00C04F79EFBC}") = "NutritionLog.Android", "NutritionLog.Android\NutritionLog.Android.csproj", "{DC1910FD-8281-48A8-A62E-0B4FBEB026F8}"
EndProject
Project("{FAE04EC0-301F-11D3-BF4B-00C04F79EFBC}") = "NutritionLog.iOS", "NutritionLog.iOS\NutritionLog.iOS.csproj", "{14458EF5-29A5-4A00-8AED-997973A66AB9}"
EndProject
Project("{FAE04EC0-301F-11D3-BF4B-00C04F79EFBC}") = "NutritionLog", "NutritionLog\NutritionLog.csproj", "{18F18495-543A-4A28-A3C7-B4887500B5CB}"
EndProject
Global
	GlobalSection(SolutionConfigurationPlatforms) = preSolution
		Debug|Any CPU = Debug|Any CPU
		Debug|iPhone = Debug|iPhone
		Debug|iPhoneSimulator = Debug|iPhoneSimulator
		Release|Any CPU = Release|Any CPU
		Release|iPhone = Release|iPhone
		Release|iPhoneSimulator = Release|iPhoneSimulator
	EndGlobalSection
	GlobalSection(ProjectConfigurationPlatforms) = postSolution
		{DC1910FD-8281-48A8-A62E-0B4FBEB026F8}.Debug|Any CPU.ActiveCfg = Debug|Any CPU
		{DC1910FD-8281-48A8-A62E-0B4FBEB026F8}.Debug|Any CPU.Build.0 = Debug|Any CPU
		{DC1910FD-8281-48A8-A62E-0B4FBEB026F8}.Debug|Any CPU.Deploy.0 = Debug|Any CPU
		{DC1910FD-8281-48A8-A62E-0B4FBEB026F8}.Debug|iPhone.ActiveCfg = Debug|Any CPU
		{DC1910FD-8281-48A8-A62E-0B4FBEB026F8}.Debug|iPhone.Build.0 = Debug|Any CPU
		{DC1910FD-8281-48A8-A62E-0B4FBEB026F8}.Debug|iPhone.Deploy.0 = Debug|Any CPU
		{DC1910FD-8281-48A8-A62E-0B4FBEB026F8}.Debug|iPhoneSimulator.ActiveCfg = Debug|Any CPU
		{DC1910FD-8281-48A8-A62E-0B4FBEB026F8}.Debug|iPhoneSimulator.Build.0 = Debug|Any CPU
		{DC1910FD-8281-48A8-A62E-0B4FBEB026F8}.Debug|iPhoneSimulator.Deploy.0 = Debug|Any CPU
		{DC1910FD-8281-48A8-A62E-0B4FBEB026F8}.Release|Any CPU.ActiveCfg = Release|Any CPU
		{DC1910FD-8281-48A8-A62E-0B4FBEB026F8}.Release|Any CPU.Build.0 = Release|Any CPU
		{DC1910FD-8281-48A8-A62E-0B4FBEB026F8}.Release|Any CPU.Deploy.0 = Release|Any CPU
		{DC1910FD-8281-48A8-A62E-0B4FBEB026F8}.Release|iPhone.ActiveCfg = Release|Any CPU
		{DC1910FD-8281-48A8-A62E-0B4FBEB026F8}.Release|iPhone.Build.0 = Release|Any CPU
		{DC1910FD-8281-48A8-A62E-0B4FBEB026F8}.Release|iPhone.Deploy.0 = Release|Any CPU
		{DC1910FD-8281-48A8-A62E-0B4FBEB026F8}.Release|iPhoneSimulator.ActiveCfg = Release|Any CPU
		{DC1910FD-8281-48A8-A62E-0B4FBEB026F8}.Release|iPhoneSimulator.Build.0 = Release|Any CPU
		{DC1910FD-8281-48A8-A62E-0B4FBEB026F8}.Release|iPhoneSimulator.Deploy.0 = Release|Any CPU
		{14458EF5-29A5-4A00-8AED-997973A66AB9}.Debug|Any CPU.ActiveCfg = Debug|iPhone
		{14458EF5-29A5-4A00-8AED-997973A66AB9}.Debug|Any CPU.Build.0 = Debug|iPhone
		{14458EF5-29A5-4A00-8AED-997973A66AB9}.Debug|Any CPU.Deploy.0 = Debug|iPhone
		{14458EF5-29A5-4A00-8AED-997973A66AB9}.Debug|iPhone.ActiveCfg = Debug|iPhone
		{14458EF5-29A5-4A00-8AED-997973A66AB9}.Debug|iPhone.Build.0 = Debug|iPhone
		{14458EF5-29A5-4A00-8AED-997973A66AB9}.Debug|iPhone.Deploy.0 = Debug|iPhone
		{14458EF5-29A5-4A00-8AED-997973A66AB9}.Debug|iPhoneSimulator.ActiveCfg = Debug|iPhoneSimulator
		{14458EF5-29A5-4A00-8AED-997973A66AB9}.Debug|iPhoneSimulator.Build.0 = Debug|iPhoneSimulator
		{14458EF5-29A5-4A00-8AED-997973A66AB9}.Debug|iPhoneSimulator.Deploy.0 = Debug|iPhoneSimulator
		{14458EF5-29A5-4A00-8AED-997973A66AB9}.Release|Any CPU.ActiveCfg = Release|iPhoneSimulator
		{14458EF5-29A5-4A00-8AED-997973A66AB9}.Release|Any CPU.Build.0 = Release|iPhoneSimulator
		{14458EF5-29A5-4A00-8AED-997973A66AB9}.Release|Any CPU.Deploy.0 = Release|iPhoneSimulator
		{14458EF5-29A5-4A00-8AED-997973A66AB9}.Release|iPhone.ActiveCfg = Release|iPhone
		{14458EF5-29A5-4A00-8AED-997973A66AB9}.Release|iPhone.Build.0 = Release|iPhone
		{14458EF5-29A5-4A00-8AED-997973A66AB9}.Release|iPhone.Deploy.0 = Release|iPhone
		{14458EF5-29A5-4A00-8AED-997973A66AB9}.Release|iPhoneSimulator.ActiveCfg = Release|iPhoneSimulator
		{14458EF5-29A5-4A00-8AED-997973A66AB9}.Release|iPhoneSimulator.Build.0 = Release|iPhoneSimulator
		{14458EF5-29A5-4A00-8AED-997973A66AB9}.Release|iPhoneSimulator.Deploy.0 = Release|iPhoneSimulator
		{18F18495-543A-4A28-A3C7-B4887500B5CB}.Debug|Any CPU.ActiveCfg = Debug|Any CPU
		{18F18495-543A-4A28-A3C7-B4887500B5CB}.Debug|Any CPU.Build.0 = Debug|Any CPU
		{18F18495-543A-4A28-A3C7-B4887500B5CB}.Debug|Any CPU.Deploy.0 = Debug|Any CPU
		{18F18495-543A-4A28-A3C7-B4887500B5CB}.Debug|iPhone.ActiveCfg = Debug|Any CPU
		{18F18495-543A-4A28-A3C7-B4887500B5CB}.Debug|iPhone.Build.0 = Debug|Any CPU
		{18F18495-543A-4A28-A3C7-B4887500B5CB}.Debug|iPhone.Deploy.0 = Debug|Any CPU
		{18F18495-543A-4A28-A3C7-B4887500B5CB}.Debug|iPhoneSimulator.ActiveCfg = Debug|Any CPU
		{18F18495-543A-4A28-A3C7-B4887500B5CB}.Debug|iPhoneSimulator.Build.0 = Debug|Any CPU
		{18F18495-543A-4A28-A3C7-B4887500B5CB}.Debug|iPhoneSimulator.Deploy.0 = Debug|Any CPU
		{18F18495-543A-4A28-A3C7-B4887500B5CB}.Release|Any CPU.ActiveCfg = Release|Any CPU
		{18F18495-543A-4A28-A3C7-B4887500B5CB}.Release|Any CPU.Build.0 = Release|Any CPU
		{18F18495-543A-4A28-A3C7-B4887500B5CB}.Release|Any CPU.Deploy.0 = Release|Any CPU
		{18F18495-543A-4A28-A3C7-B4887500B5CB}.Release|iPhone.ActiveCfg = Release|Any CPU
		{18F18495-543A-4A28-A3C7-B4887500B5CB}.Release|iPhone.Build.0 = Release|Any CPU
		{18F18495-543A-4A28-A3C7-B4887500B5CB}.Release|iPhone.Deploy.0 = Release|Any CPU
		{18F18495-543A-4A28-A3C7-B4887500B5CB}.Release|iPhoneSimulator.ActiveCfg = Release|Any CPU
		{18F18495-543A-4A28-A3C7-B4887500B5CB}.Release|iPhoneSimulator.Build.0 = Release|Any CPU
		{18F18495-543A-4A28-A3C7-B4887500B5CB}.Release|iPhoneSimulator.Deploy.0 = Release|Any CPU
	EndGlobalSection
	GlobalSection(SolutionProperties) = preSolution
		HideSolutionNode = FALSE
	EndGlobalSection
	GlobalSection(ExtensibilityGlobals) = postSolution
		SolutionGuid = {EE2249A7-86AE-4FD2-943B-EFC1FD359BC2}
	EndGlobalSection
EndGlobal
